
Microsoft Visual Studio Solution File, Format Version 12.00
# Visual Studio Version 17
VisualStudioVersion = 17.11.35222.181
MinimumVisualStudioVersion = 10.0.40219.1
Project("{FAE04EC0-301F-11D3-BF4B-00C04F79EFBC}") = "apbd-cw1", "apbd-cw1\apbd-cw1.csproj", "{AD3AEC99-50E1-4DFA-8DC8-ED74D4A70D01}"
EndProject
Global
	GlobalSection(SolutionConfigurationPlatforms) = preSolution
		Debug|Any CPU = Debug|Any CPU
		Release|Any CPU = Release|Any CPU
	EndGlobalSection
	GlobalSection(ProjectConfigurationPlatforms) = postSolution
		{AD3AEC99-50E1-4DFA-8DC8-ED74D4A70D01}.Debug|Any CPU.ActiveCfg = Debug|Any CPU
		{AD3AEC99-50E1-4DFA-8DC8-ED74D4A70D01}.Debug|Any CPU.Build.0 = Debug|Any CPU
		{AD3AEC99-50E1-4DFA-8DC8-ED74D4A70D01}.Release|Any CPU.ActiveCfg = Release|Any CPU
		{AD3AEC99-50E1-4DFA-8DC8-ED74D4A70D01}.Release|Any CPU.Build.0 = Release|Any CPU
	EndGlobalSection
	GlobalSection(SolutionProperties) = preSolution
		HideSolutionNode = FALSE
	EndGlobalSection
	GlobalSection(ExtensibilityGlobals) = postSolution
		SolutionGuid = {87A655EB-227B-4001-9233-628C77E8C371}
	EndGlobalSection
EndGlobal
